# This file is generated by running "yarn install" inside your project.
# Manual changes might be lost - proceed with caution!

__metadata:
  version: 5

"@suin/semantic-release-test@workspace:.":
  version: 0.0.0-use.local
  resolution: "@suin/semantic-release-test@workspace:."
  dependencies:
    "@suin/semantic-release-yarn": "link:../semantic-release-yarn"
  languageName: unknown
  linkType: soft

"@suin/semantic-release-yarn@link:../semantic-release-yarn::locator=%40suin%2Fsemantic-release-test%40workspace%3A.":
  version: 0.0.0-use.local
  resolution: "@suin/semantic-release-yarn@link:../semantic-release-yarn::locator=%40suin%2Fsemantic-release-test%40workspace%3A."
  languageName: node
  linkType: soft
